
Microsoft Visual Studio Solution File, Format Version 12.00
# Visual Studio Version 17
VisualStudioVersion = 17.10.35201.131
MinimumVisualStudioVersion = 10.0.40219.1
Project("{9A19103F-16F7-4668-BE54-9A1E7A4F7556}") = "VirtualTeacherGenAIDemo.Server", "VirtualTeacherGenAIDemo.Server\VirtualTeacherGenAIDemo.Server.csproj", "{77BCBC62-4D4C-4CFB-B445-CF40379BCC5C}"
EndProject
Project("{54A90642-561A-4BB1-A94E-469ADEE60C69}") = "virtualteachergenaidemo.client", "virtualteachergenaidemo.client\virtualteachergenaidemo.client.esproj", "{C111C6ED-02BE-4D82-BD93-49285E0EA910}"
EndProject
Global
	GlobalSection(SolutionConfigurationPlatforms) = preSolution
		Debug|Any CPU = Debug|Any CPU
		Release|Any CPU = Release|Any CPU
	EndGlobalSection
	GlobalSection(ProjectConfigurationPlatforms) = postSolution
		{77BCBC62-4D4C-4CFB-B445-CF40379BCC5C}.Debug|Any CPU.ActiveCfg = Debug|Any CPU
		{77BCBC62-4D4C-4CFB-B445-CF40379BCC5C}.Debug|Any CPU.Build.0 = Debug|Any CPU
		{77BCBC62-4D4C-4CFB-B445-CF40379BCC5C}.Release|Any CPU.ActiveCfg = Release|Any CPU
		{77BCBC62-4D4C-4CFB-B445-CF40379BCC5C}.Release|Any CPU.Build.0 = Release|Any CPU
		{C111C6ED-02BE-4D82-BD93-49285E0EA910}.Debug|Any CPU.ActiveCfg = Debug|Any CPU
		{C111C6ED-02BE-4D82-BD93-49285E0EA910}.Debug|Any CPU.Build.0 = Debug|Any CPU
		{C111C6ED-02BE-4D82-BD93-49285E0EA910}.Debug|Any CPU.Deploy.0 = Debug|Any CPU
		{C111C6ED-02BE-4D82-BD93-49285E0EA910}.Release|Any CPU.ActiveCfg = Release|Any CPU
		{C111C6ED-02BE-4D82-BD93-49285E0EA910}.Release|Any CPU.Build.0 = Release|Any CPU
		{C111C6ED-02BE-4D82-BD93-49285E0EA910}.Release|Any CPU.Deploy.0 = Release|Any CPU
	EndGlobalSection
	GlobalSection(SolutionProperties) = preSolution
		HideSolutionNode = FALSE
	EndGlobalSection
	GlobalSection(ExtensibilityGlobals) = postSolution
		SolutionGuid = {A16251F8-9769-420C-8546-0FE9E14ED98E}
	EndGlobalSection
EndGlobal
